// !$*UTF8*$!
{
	archiveVersion = 1;
	classes = {
	};
	objectVersion = 56;
	objects = {

/* Begin PBXBuildFile section */
		4C193B7A2BDC338D00AEB66F /* ImagePicker.swift in Sources */ = {isa = PBXBuildFile; fileRef = 4C193B792BDC338D00AEB66F /* ImagePicker.swift */; };
		4C3A71E02BD70B2000B2B7FC /* AddPlaceVM.swift in Sources */ = {isa = PBXBuildFile; fileRef = 4C3A71DF2BD70B2000B2B7FC /* AddPlaceVM.swift */; };
		4C7C53922BD5A70700CBD728 /* PlaceVM.swift in Sources */ = {isa = PBXBuildFile; fileRef = 4C7C53912BD5A70700CBD728 /* PlaceVM.swift */; };
		4C7C53942BD5ABEC00CBD728 /* PlacesListVM.swift in Sources */ = {isa = PBXBuildFile; fileRef = 4C7C53932BD5ABEC00CBD728 /* PlacesListVM.swift */; };
		4C9437BB2BD86EDD0091B188 /* LazyView.swift in Sources */ = {isa = PBXBuildFile; fileRef = 4C9437BA2BD86EDD0091B188 /* LazyView.swift */; };
		4C9437BD2BD871290091B188 /* LocationManager.swift in Sources */ = {isa = PBXBuildFile; fileRef = 4C9437BC2BD871290091B188 /* LocationManager.swift */; };
		4C9437C02BD8D5AE0091B188 /* RomalogDM.xcdatamodeld in Sources */ = {isa = PBXBuildFile; fileRef = 4C9437BE2BD8D5AE0091B188 /* RomalogDM.xcdatamodeld */; };
		4C9437C22BD8D6D60091B188 /* CoreDataManager.swift in Sources */ = {isa = PBXBuildFile; fileRef = 4C9437C12BD8D6D60091B188 /* CoreDataManager.swift */; };
		4CC027582BD753B700FBA13C /* HomeView.swift in Sources */ = {isa = PBXBuildFile; fileRef = 4CC027572BD753B700FBA13C /* HomeView.swift */; };
		4CD62D0A2BCE244800FA0DE8 /* RomalogApp.swift in Sources */ = {isa = PBXBuildFile; fileRef = 4CD62D092BCE244800FA0DE8 /* RomalogApp.swift */; };
		4CD62D0C2BCE244800FA0DE8 /* ContentView.swift in Sources */ = {isa = PBXBuildFile; fileRef = 4CD62D0B2BCE244800FA0DE8 /* ContentView.swift */; };
		4CD62D0E2BCE244A00FA0DE8 /* Assets.xcassets in Resources */ = {isa = PBXBuildFile; fileRef = 4CD62D0D2BCE244A00FA0DE8 /* Assets.xcassets */; };
		4CD62D112BCE244A00FA0DE8 /* Preview Assets.xcassets in Resources */ = {isa = PBXBuildFile; fileRef = 4CD62D102BCE244A00FA0DE8 /* Preview Assets.xcassets */; };
		4CDF417B2BD7308E00B02AF5 /* AddNewPlaceView.swift in Sources */ = {isa = PBXBuildFile; fileRef = 4CDF417A2BD7308E00B02AF5 /* AddNewPlaceView.swift */; };
		4CED4B112BDC12E8008D1243 /* PlaceDetailView.swift in Sources */ = {isa = PBXBuildFile; fileRef = 4CED4B102BDC12E8008D1243 /* PlaceDetailView.swift */; };
/* End PBXBuildFile section */

/* Begin PBXFileReference section */
		4C193B792BDC338D00AEB66F /* ImagePicker.swift */ = {isa = PBXFileReference; lastKnownFileType = sourcecode.swift; path = ImagePicker.swift; sourceTree = "<group>"; };
		4C3A71DF2BD70B2000B2B7FC /* AddPlaceVM.swift */ = {isa = PBXFileReference; lastKnownFileType = sourcecode.swift; path = AddPlaceVM.swift; sourceTree = "<group>"; };
		4C7C53912BD5A70700CBD728 /* PlaceVM.swift */ = {isa = PBXFileReference; lastKnownFileType = sourcecode.swift; path = PlaceVM.swift; sourceTree = "<group>"; };
		4C7C53932BD5ABEC00CBD728 /* PlacesListVM.swift */ = {isa = PBXFileReference; lastKnownFileType = sourcecode.swift; path = PlacesListVM.swift; sourceTree = "<group>"; };
		4C9437BA2BD86EDD0091B188 /* LazyView.swift */ = {isa = PBXFileReference; lastKnownFileType = sourcecode.swift; path = LazyView.swift; sourceTree = "<group>"; };
		4C9437BC2BD871290091B188 /* LocationManager.swift */ = {isa = PBXFileReference; lastKnownFileType = sourcecode.swift; path = LocationManager.swift; sourceTree = "<group>"; };
		4C9437BF2BD8D5AE0091B188 /* RomalogDM.xcdatamodel */ = {isa = PBXFileReference; lastKnownFileType = wrapper.xcdatamodel; path = RomalogDM.xcdatamodel; sourceTree = "<group>"; };
		4C9437C12BD8D6D60091B188 /* CoreDataManager.swift */ = {isa = PBXFileReference; lastKnownFileType = sourcecode.swift; path = CoreDataManager.swift; sourceTree = "<group>"; };
		4CC027572BD753B700FBA13C /* HomeView.swift */ = {isa = PBXFileReference; lastKnownFileType = sourcecode.swift; path = HomeView.swift; sourceTree = "<group>"; };
		4CD62D062BCE244800FA0DE8 /* Romalog.app */ = {isa = PBXFileReference; explicitFileType = wrapper.application; includeInIndex = 0; path = Romalog.app; sourceTree = BUILT_PRODUCTS_DIR; };
		4CD62D092BCE244800FA0DE8 /* RomalogApp.swift */ = {isa = PBXFileReference; lastKnownFileType = sourcecode.swift; path = RomalogApp.swift; sourceTree = "<group>"; };
		4CD62D0B2BCE244800FA0DE8 /* ContentView.swift */ = {isa = PBXFileReference; lastKnownFileType = sourcecode.swift; path = ContentView.swift; sourceTree = "<group>"; };
		4CD62D0D2BCE244A00FA0DE8 /* Assets.xcassets */ = {isa = PBXFileReference; lastKnownFileType = folder.assetcatalog; path = Assets.xcassets; sourceTree = "<group>"; };
		4CD62D102BCE244A00FA0DE8 /* Preview Assets.xcassets */ = {isa = PBXFileReference; lastKnownFileType = folder.assetcatalog; path = "Preview Assets.xcassets"; sourceTree = "<group>"; };
		4CDF417A2BD7308E00B02AF5 /* AddNewPlaceView.swift */ = {isa = PBXFileReference; lastKnownFileType = sourcecode.swift; path = AddNewPlaceView.swift; sourceTree = "<group>"; };
		4CED4B102BDC12E8008D1243 /* PlaceDetailView.swift */ = {isa = PBXFileReference; lastKnownFileType = sourcecode.swift; path = PlaceDetailView.swift; sourceTree = "<group>"; };
/* End PBXFileReference section */

/* Begin PBXFrameworksBuildPhase section */
		4CD62D032BCE244800FA0DE8 /* Frameworks */ = {
			isa = PBXFrameworksBuildPhase;
			buildActionMask = 2147483647;
			files = (
			);
			runOnlyForDeploymentPostprocessing = 0;
		};
/* End PBXFrameworksBuildPhase section */

/* Begin PBXGroup section */
		4C7C538E2BD5A64E00CBD728 /* Views */ = {
			isa = PBXGroup;
			children = (
				4CDF417A2BD7308E00B02AF5 /* AddNewPlaceView.swift */,
				4CC027572BD753B700FBA13C /* HomeView.swift */,
				4C9437BA2BD86EDD0091B188 /* LazyView.swift */,
				4CED4B102BDC12E8008D1243 /* PlaceDetailView.swift */,
				4C193B792BDC338D00AEB66F /* ImagePicker.swift */,
			);
			path = Views;
			sourceTree = "<group>";
		};
		4C7C538F2BD5A65F00CBD728 /* ViewModels */ = {
			isa = PBXGroup;
			children = (
				4C7C53912BD5A70700CBD728 /* PlaceVM.swift */,
				4C7C53932BD5ABEC00CBD728 /* PlacesListVM.swift */,
				4C3A71DF2BD70B2000B2B7FC /* AddPlaceVM.swift */,
			);
			path = ViewModels;
			sourceTree = "<group>";
		};
		4C7C53902BD5A67100CBD728 /* Utilities */ = {
			isa = PBXGroup;
			children = (
				4C9437BC2BD871290091B188 /* LocationManager.swift */,
				4C9437BE2BD8D5AE0091B188 /* RomalogDM.xcdatamodeld */,
				4C9437C12BD8D6D60091B188 /* CoreDataManager.swift */,
			);
			path = Utilities;
			sourceTree = "<group>";
		};
		4CD62CFD2BCE244800FA0DE8 = {
			isa = PBXGroup;
			children = (
				4CD62D082BCE244800FA0DE8 /* Romalog */,
				4CD62D072BCE244800FA0DE8 /* Products */,
			);
			sourceTree = "<group>";
		};
		4CD62D072BCE244800FA0DE8 /* Products */ = {
			isa = PBXGroup;
			children = (
				4CD62D062BCE244800FA0DE8 /* Romalog.app */,
			);
			name = Products;
			sourceTree = "<group>";
		};
		4CD62D082BCE244800FA0DE8 /* Romalog */ = {
			isa = PBXGroup;
			children = (
				4C7C53902BD5A67100CBD728 /* Utilities */,
				4C7C538F2BD5A65F00CBD728 /* ViewModels */,
				4C7C538E2BD5A64E00CBD728 /* Views */,
				4CD62D092BCE244800FA0DE8 /* RomalogApp.swift */,
				4CD62D0B2BCE244800FA0DE8 /* ContentView.swift */,
				4CD62D0D2BCE244A00FA0DE8 /* Assets.xcassets */,
				4CD62D0F2BCE244A00FA0DE8 /* Preview Content */,
			);
			path = Romalog;
			sourceTree = "<group>";
		};
		4CD62D0F2BCE244A00FA0DE8 /* Preview Content */ = {
			isa = PBXGroup;
			children = (
				4CD62D102BCE244A00FA0DE8 /* Preview Assets.xcassets */,
			);
			path = "Preview Content";
			sourceTree = "<group>";
		};
/* End PBXGroup section */

/* Begin PBXNativeTarget section */
		4CD62D052BCE244800FA0DE8 /* Romalog */ = {
			isa = PBXNativeTarget;
			buildConfigurationList = 4CD62D142BCE244A00FA0DE8 /* Build configuration list for PBXNativeTarget "Romalog" */;
			buildPhases = (
				4CD62D022BCE244800FA0DE8 /* Sources */,
				4CD62D032BCE244800FA0DE8 /* Frameworks */,
				4CD62D042BCE244800FA0DE8 /* Resources */,
			);
			buildRules = (
			);
			dependencies = (
			);
			name = Romalog;
			productName = Romalog;
			productReference = 4CD62D062BCE244800FA0DE8 /* Romalog.app */;
			productType = "com.apple.product-type.application";
		};
/* End PBXNativeTarget section */

/* Begin PBXProject section */
		4CD62CFE2BCE244800FA0DE8 /* Project object */ = {
			isa = PBXProject;
			attributes = {
				BuildIndependentTargetsInParallel = 1;
				LastSwiftUpdateCheck = 1520;
				LastUpgradeCheck = 1520;
				TargetAttributes = {
					4CD62D052BCE244800FA0DE8 = {
						CreatedOnToolsVersion = 15.2;
					};
				};
			};
			buildConfigurationList = 4CD62D012BCE244800FA0DE8 /* Build configuration list for PBXProject "Romalog" */;
			compatibilityVersion = "Xcode 14.0";
			developmentRegion = en;
			hasScannedForEncodings = 0;
			knownRegions = (
				en,
				Base,
			);
			mainGroup = 4CD62CFD2BCE244800FA0DE8;
			productRefGroup = 4CD62D072BCE244800FA0DE8 /* Products */;
			projectDirPath = "";
			projectRoot = "";
			targets = (
				4CD62D052BCE244800FA0DE8 /* Romalog */,
			);
		};
/* End PBXProject section */

/* Begin PBXResourcesBuildPhase section */
		4CD62D042BCE244800FA0DE8 /* Resources */ = {
			isa = PBXResourcesBuildPhase;
			buildActionMask = 2147483647;
			files = (
				4CD62D112BCE244A00FA0DE8 /* Preview Assets.xcassets in Resources */,
				4CD62D0E2BCE244A00FA0DE8 /* Assets.xcassets in Resources */,
			);
			runOnlyForDeploymentPostprocessing = 0;
		};
/* End PBXResourcesBuildPhase section */

/* Begin PBXSourcesBuildPhase section */
		4CD62D022BCE244800FA0DE8 /* Sources */ = {
			isa = PBXSourcesBuildPhase;
			buildActionMask = 2147483647;
			files = (
				4C193B7A2BDC338D00AEB66F /* ImagePicker.swift in Sources */,
				4C7C53942BD5ABEC00CBD728 /* PlacesListVM.swift in Sources */,
				4CC027582BD753B700FBA13C /* HomeView.swift in Sources */,
				4CDF417B2BD7308E00B02AF5 /* AddNewPlaceView.swift in Sources */,
				4C7C53922BD5A70700CBD728 /* PlaceVM.swift in Sources */,
				4C9437BB2BD86EDD0091B188 /* LazyView.swift in Sources */,
				4CD62D0C2BCE244800FA0DE8 /* ContentView.swift in Sources */,
				4C3A71E02BD70B2000B2B7FC /* AddPlaceVM.swift in Sources */,
				4CED4B112BDC12E8008D1243 /* PlaceDetailView.swift in Sources */,
				4CD62D0A2BCE244800FA0DE8 /* RomalogApp.swift in Sources */,
				4C9437C02BD8D5AE0091B188 /* RomalogDM.xcdatamodeld in Sources */,
				4C9437BD2BD871290091B188 /* LocationManager.swift in Sources */,
				4C9437C22BD8D6D60091B188 /* CoreDataManager.swift in Sources */,
			);
			runOnlyForDeploymentPostprocessing = 0;
		};
/* End PBXSourcesBuildPhase section */

/* Begin XCBuildConfiguration section */
		4CD62D122BCE244A00FA0DE8 /* Debug */ = {
			isa = XCBuildConfiguration;
			buildSettings = {
				ALWAYS_SEARCH_USER_PATHS = NO;
				ASSETCATALOG_COMPILER_GENERATE_SWIFT_ASSET_SYMBOL_EXTENSIONS = YES;
				CLANG_ANALYZER_NONNULL = YES;
				CLANG_ANALYZER_NUMBER_OBJECT_CONVERSION = YES_AGGRESSIVE;
				CLANG_CXX_LANGUAGE_STANDARD = "gnu++20";
				CLANG_ENABLE_MODULES = YES;
				CLANG_ENABLE_OBJC_ARC = YES;
				CLANG_ENABLE_OBJC_WEAK = YES;
				CLANG_WARN_BLOCK_CAPTURE_AUTORELEASING = YES;
				CLANG_WARN_BOOL_CONVERSION = YES;
				CLANG_WARN_COMMA = YES;
				CLANG_WARN_CONSTANT_CONVERSION = YES;
				CLANG_WARN_DEPRECATED_OBJC_IMPLEMENTATIONS = YES;
				CLANG_WARN_DIRECT_OBJC_ISA_USAGE = YES_ERROR;
				CLANG_WARN_DOCUMENTATION_COMMENTS = YES;
				CLANG_WARN_EMPTY_BODY = YES;
				CLANG_WARN_ENUM_CONVERSION = YES;
				CLANG_WARN_INFINITE_RECURSION = YES;
				CLANG_WARN_INT_CONVERSION = YES;
				CLANG_WARN_NON_LITERAL_NULL_CONVERSION = YES;
				CLANG_WARN_OBJC_IMPLICIT_RETAIN_SELF = YES;
				CLANG_WARN_OBJC_LITERAL_CONVERSION = YES;
				CLANG_WARN_OBJC_ROOT_CLASS = YES_ERROR;
				CLANG_WARN_QUOTED_INCLUDE_IN_FRAMEWORK_HEADER = YES;
				CLANG_WARN_RANGE_LOOP_ANALYSIS = YES;
				CLANG_WARN_STRICT_PROTOTYPES = YES;
				CLANG_WARN_SUSPICIOUS_MOVE = YES;
				CLANG_WARN_UNGUARDED_AVAILABILITY = YES_AGGRESSIVE;
				CLANG_WARN_UNREACHABLE_CODE = YES;
				CLANG_WARN__DUPLICATE_METHOD_MATCH = YES;
				COPY_PHASE_STRIP = NO;
				DEBUG_INFORMATION_FORMAT = dwarf;
				ENABLE_STRICT_OBJC_MSGSEND = YES;
				ENABLE_TESTABILITY = YES;
				ENABLE_USER_SCRIPT_SANDBOXING = YES;
				GCC_C_LANGUAGE_STANDARD = gnu17;
				GCC_DYNAMIC_NO_PIC = NO;
				GCC_NO_COMMON_BLOCKS = YES;
				GCC_OPTIMIZATION_LEVEL = 0;
				GCC_PREPROCESSOR_DEFINITIONS = (
					"DEBUG=1",
					"$(inherited)",
				);
				GCC_WARN_64_TO_32_BIT_CONVERSION = YES;
				GCC_WARN_ABOUT_RETURN_TYPE = YES_ERROR;
				GCC_WARN_UNDECLARED_SELECTOR = YES;
				GCC_WARN_UNINITIALIZED_AUTOS = YES_AGGRESSIVE;
				GCC_WARN_UNUSED_FUNCTION = YES;
				GCC_WARN_UNUSED_VARIABLE = YES;
				IPHONEOS_DEPLOYMENT_TARGET = 17.2;
				LOCALIZATION_PREFERS_STRING_CATALOGS = YES;
				MTL_ENABLE_DEBUG_INFO = INCLUDE_SOURCE;
				MTL_FAST_MATH = YES;
				ONLY_ACTIVE_ARCH = YES;
				SDKROOT = iphoneos;
				SWIFT_ACTIVE_COMPILATION_CONDITIONS = "DEBUG $(inherited)";
				SWIFT_OPTIMIZATION_LEVEL = "-Onone";
			};
			name = Debug;
		};
		4CD62D132BCE244A00FA0DE8 /* Release */ = {
			isa = XCBuildConfiguration;
			buildSettings = {
				ALWAYS_SEARCH_USER_PATHS = NO;
				ASSETCATALOG_COMPILER_GENERATE_SWIFT_ASSET_SYMBOL_EXTENSIONS = YES;
				CLANG_ANALYZER_NONNULL = YES;
				CLANG_ANALYZER_NUMBER_OBJECT_CONVERSION = YES_AGGRESSIVE;
				CLANG_CXX_LANGUAGE_STANDARD = "gnu++20";
				CLANG_ENABLE_MODULES = YES;
				CLANG_ENABLE_OBJC_ARC = YES;
				CLANG_ENABLE_OBJC_WEAK = YES;
				CLANG_WARN_BLOCK_CAPTURE_AUTORELEASING = YES;
				CLANG_WARN_BOOL_CONVERSION = YES;
				CLANG_WARN_COMMA = YES;
				CLANG_WARN_CONSTANT_CONVERSION = YES;
				CLANG_WARN_DEPRECATED_OBJC_IMPLEMENTATIONS = YES;
				CLANG_WARN_DIRECT_OBJC_ISA_USAGE = YES_ERROR;
				CLANG_WARN_DOCUMENTATION_COMMENTS = YES;
				CLANG_WARN_EMPTY_BODY = YES;
				CLANG_WARN_ENUM_CONVERSION = YES;
				CLANG_WARN_INFINITE_RECURSION = YES;
				CLANG_WARN_INT_CONVERSION = YES;
				CLANG_WARN_NON_LITERAL_NULL_CONVERSION = YES;
				CLANG_WARN_OBJC_IMPLICIT_RETAIN_SELF = YES;
				CLANG_WARN_OBJC_LITERAL_CONVERSION = YES;
				CLANG_WARN_OBJC_ROOT_CLASS = YES_ERROR;
				CLANG_WARN_QUOTED_INCLUDE_IN_FRAMEWORK_HEADER = YES;
				CLANG_WARN_RANGE_LOOP_ANALYSIS = YES;
				CLANG_WARN_STRICT_PROTOTYPES = YES;
				CLANG_WARN_SUSPICIOUS_MOVE = YES;
				CLANG_WARN_UNGUARDED_AVAILABILITY = YES_AGGRESSIVE;
				CLANG_WARN_UNREACHABLE_CODE = YES;
				CLANG_WARN__DUPLICATE_METHOD_MATCH = YES;
				COPY_PHASE_STRIP = NO;
				DEBUG_INFORMATION_FORMAT = "dwarf-with-dsym";
				ENABLE_NS_ASSERTIONS = NO;
				ENABLE_STRICT_OBJC_MSGSEND = YES;
				ENABLE_USER_SCRIPT_SANDBOXING = YES;
				GCC_C_LANGUAGE_STANDARD = gnu17;
				GCC_NO_COMMON_BLOCKS = YES;
				GCC_WARN_64_TO_32_BIT_CONVERSION = YES;
				GCC_WARN_ABOUT_RETURN_TYPE = YES_ERROR;
				GCC_WARN_UNDECLARED_SELECTOR = YES;
				GCC_WARN_UNINITIALIZED_AUTOS = YES_AGGRESSIVE;
				GCC_WARN_UNUSED_FUNCTION = YES;
				GCC_WARN_UNUSED_VARIABLE = YES;
				IPHONEOS_DEPLOYMENT_TARGET = 17.2;
				LOCALIZATION_PREFERS_STRING_CATALOGS = YES;
				MTL_ENABLE_DEBUG_INFO = NO;
				MTL_FAST_MATH = YES;
				SDKROOT = iphoneos;
				SWIFT_COMPILATION_MODE = wholemodule;
				VALIDATE_PRODUCT = YES;
			};
			name = Release;
		};
		4CD62D152BCE244A00FA0DE8 /* Debug */ = {
			isa = XCBuildConfiguration;
			buildSettings = {
				ASSETCATALOG_COMPILER_APPICON_NAME = AppIcon;
				ASSETCATALOG_COMPILER_GLOBAL_ACCENT_COLOR_NAME = AccentColor;
				CODE_SIGN_STYLE = Automatic;
				CURRENT_PROJECT_VERSION = 1;
				DEVELOPMENT_ASSET_PATHS = "\"Romalog/Preview Content\"";
				DEVELOPMENT_TEAM = 8L58N86QT7;
				ENABLE_PREVIEWS = YES;
				GENERATE_INFOPLIST_FILE = YES;
				INFOPLIST_KEY_UIApplicationSceneManifest_Generation = YES;
				INFOPLIST_KEY_UIApplicationSupportsIndirectInputEvents = YES;
				INFOPLIST_KEY_UILaunchScreen_Generation = YES;
				INFOPLIST_KEY_UISupportedInterfaceOrientations_iPad = "UIInterfaceOrientationPortrait UIInterfaceOrientationPortraitUpsideDown UIInterfaceOrientationLandscapeLeft UIInterfaceOrientationLandscapeRight";
				INFOPLIST_KEY_UISupportedInterfaceOrientations_iPhone = "UIInterfaceOrientationPortrait UIInterfaceOrientationLandscapeLeft UIInterfaceOrientationLandscapeRight";
				LD_RUNPATH_SEARCH_PATHS = (
					"$(inherited)",
					"@executable_path/Frameworks",
				);
				MARKETING_VERSION = 1.0;
				PRODUCT_BUNDLE_IDENTIFIER = "com.dev-romalog-finalproject.Romalog";
				PRODUCT_NAME = "$(TARGET_NAME)";
				SWIFT_EMIT_LOC_STRINGS = YES;
				SWIFT_VERSION = 5.0;
				TARGETED_DEVICE_FAMILY = "1,2";
			};
			name = Debug;
		};
		4CD62D162BCE244A00FA0DE8 /* Release */ = {
			isa = XCBuildConfiguration;
			buildSettings = {
				ASSETCATALOG_COMPILER_APPICON_NAME = AppIcon;
				ASSETCATALOG_COMPILER_GLOBAL_ACCENT_COLOR_NAME = AccentColor;
				CODE_SIGN_STYLE = Automatic;
				CURRENT_PROJECT_VERSION = 1;
				DEVELOPMENT_ASSET_PATHS = "\"Romalog/Preview Content\"";
				DEVELOPMENT_TEAM = 8L58N86QT7;
				ENABLE_PREVIEWS = YES;
				GENERATE_INFOPLIST_FILE = YES;
				INFOPLIST_KEY_UIApplicationSceneManifest_Generation = YES;
				INFOPLIST_KEY_UIApplicationSupportsIndirectInputEvents = YES;
				INFOPLIST_KEY_UILaunchScreen_Generation = YES;
				INFOPLIST_KEY_UISupportedInterfaceOrientations_iPad = "UIInterfaceOrientationPortrait UIInterfaceOrientationPortraitUpsideDown UIInterfaceOrientationLandscapeLeft UIInterfaceOrientationLandscapeRight";
				INFOPLIST_KEY_UISupportedInterfaceOrientations_iPhone = "UIInterfaceOrientationPortrait UIInterfaceOrientationLandscapeLeft UIInterfaceOrientationLandscapeRight";
				LD_RUNPATH_SEARCH_PATHS = (
					"$(inherited)",
					"@executable_path/Frameworks",
				);
				MARKETING_VERSION = 1.0;
				PRODUCT_BUNDLE_IDENTIFIER = "com.dev-romalog-finalproject.Romalog";
				PRODUCT_NAME = "$(TARGET_NAME)";
				SWIFT_EMIT_LOC_STRINGS = YES;
				SWIFT_VERSION = 5.0;
				TARGETED_DEVICE_FAMILY = "1,2";
			};
			name = Release;
		};
/* End XCBuildConfiguration section */

/* Begin XCConfigurationList section */
		4CD62D012BCE244800FA0DE8 /* Build configuration list for PBXProject "Romalog" */ = {
			isa = XCConfigurationList;
			buildConfigurations = (
				4CD62D122BCE244A00FA0DE8 /* Debug */,
				4CD62D132BCE244A00FA0DE8 /* Release */,
			);
			defaultConfigurationIsVisible = 0;
			defaultConfigurationName = Release;
		};
		4CD62D142BCE244A00FA0DE8 /* Build configuration list for PBXNativeTarget "Romalog" */ = {
			isa = XCConfigurationList;
			buildConfigurations = (
				4CD62D152BCE244A00FA0DE8 /* Debug */,
				4CD62D162BCE244A00FA0DE8 /* Release */,
			);
			defaultConfigurationIsVisible = 0;
			defaultConfigurationName = Release;
		};
/* End XCConfigurationList section */

/* Begin XCVersionGroup section */
		4C9437BE2BD8D5AE0091B188 /* RomalogDM.xcdatamodeld */ = {
			isa = XCVersionGroup;
			children = (
				4C9437BF2BD8D5AE0091B188 /* RomalogDM.xcdatamodel */,
			);
			currentVersion = 4C9437BF2BD8D5AE0091B188 /* RomalogDM.xcdatamodel */;
			path = RomalogDM.xcdatamodeld;
			sourceTree = "<group>";
			versionGroupType = wrapper.xcdatamodel;
		};
/* End XCVersionGroup section */
	};
	rootObject = 4CD62CFE2BCE244800FA0DE8 /* Project object */;
}
